Microsoft Visual Studio Solution File, Format Version 12.00
# Visual Studio Version 17
VisualStudioVersion = 17.1.32407.343
MinimumVisualStudioVersion = 10.0.40219.1
Project("{8BC9CEB8-8B4A-11D0-8D11-00A0C91BC942}") = "TestEventsGFI", "TestEventsGFI.vcxproj", "{C21F10B1-3E9F-45DC-9CA7-D1B8E1FE75E8}"
EndProject
Project("{2150E333-8FDC-42A3-9474-1A3956D46DE8}") = "Solution Items", "Solution Items", "{6023149E-7981-461A-9346-A16E9A80E0E5}"
	ProjectSection(SolutionItems) = preProject
		..\..\..\..\..\Program Files (x86)\Teradyne\Spectrum\5.2\TOOLKIT\LIB\SPECTRUMCLIB.LIB = ..\..\..\..\..\Program Files (x86)\Teradyne\Spectrum\5.2\TOOLKIT\LIB\SPECTRUMCLIB.LIB
	EndProjectSection
EndProject
Project("{FAE04EC0-301F-11D3-BF4B-00C04F79EFBC}") = "SpectrumTestDataFile", "..\SpectrumTestDataFile\SpectrumTestDataFile.csproj", "{28BD705D-D9E8-4A16-B63C-88094D82287D}"
EndProject
Global
	GlobalSection(SolutionConfigurationPlatforms) = preSolution
		Debug|Any CPU = Debug|Any CPU
		Debug|x86 = Debug|x86
		Release|Any CPU = Release|Any CPU
		Release|x86 = Release|x86
	EndGlobalSection
	GlobalSection(ProjectConfigurationPlatforms) = postSolution
		{C21F10B1-3E9F-45DC-9CA7-D1B8E1FE75E8}.Debug|Any CPU.ActiveCfg = Debug|Win32
		{C21F10B1-3E9F-45DC-9CA7-D1B8E1FE75E8}.Debug|Any CPU.Build.0 = Debug|Win32
		{C21F10B1-3E9F-45DC-9CA7-D1B8E1FE75E8}.Debug|x86.ActiveCfg = Debug|Win32
		{C21F10B1-3E9F-45DC-9CA7-D1B8E1FE75E8}.Debug|x86.Build.0 = Debug|Win32
		{C21F10B1-3E9F-45DC-9CA7-D1B8E1FE75E8}.Release|Any CPU.ActiveCfg = Release|Win32
		{C21F10B1-3E9F-45DC-9CA7-D1B8E1FE75E8}.Release|Any CPU.Build.0 = Release|Win32
		{C21F10B1-3E9F-45DC-9CA7-D1B8E1FE75E8}.Release|x86.ActiveCfg = Release|Win32
		{C21F10B1-3E9F-45DC-9CA7-D1B8E1FE75E8}.Release|x86.Build.0 = Release|Win32
		{28BD705D-D9E8-4A16-B63C-88094D82287D}.Debug|Any CPU.ActiveCfg = Debug|Any CPU
		{28BD705D-D9E8-4A16-B63C-88094D82287D}.Debug|Any CPU.Build.0 = Debug|Any CPU
		{28BD705D-D9E8-4A16-B63C-88094D82287D}.Debug|x86.ActiveCfg = Debug|Any CPU
		{28BD705D-D9E8-4A16-B63C-88094D82287D}.Debug|x86.Build.0 = Debug|Any CPU
		{28BD705D-D9E8-4A16-B63C-88094D82287D}.Release|Any CPU.ActiveCfg = Release|Any CPU
		{28BD705D-D9E8-4A16-B63C-88094D82287D}.Release|Any CPU.Build.0 = Release|Any CPU
		{28BD705D-D9E8-4A16-B63C-88094D82287D}.Release|x86.ActiveCfg = Release|Any CPU
		{28BD705D-D9E8-4A16-B63C-88094D82287D}.Release|x86.Build.0 = Release|Any CPU
	EndGlobalSection
	GlobalSection(SolutionProperties) = preSolution
		HideSolutionNode = FALSE
	EndGlobalSection
	GlobalSection(ExtensibilityGlobals) = postSolution
		SolutionGuid = {2B0273D9-55F6-4507-9C25-2A20A58B37F0}
	EndGlobalSection
EndGlobal
